
Microsoft Visual Studio Solution File, Format Version 12.00
# Visual Studio Version 16
VisualStudioVersion = 16.0.29230.47
MinimumVisualStudioVersion = 10.0.40219.1
Project("{2150E333-8FDC-42A3-9474-1A3956D46DE8}") = "Domain", "Domain", "{E300CC36-56AA-432A-9020-32128C7EBF35}"
EndProject
Project("{2150E333-8FDC-42A3-9474-1A3956D46DE8}") = "Data", "Data", "{A3C00E68-128B-4BFA-A0D2-E31916DE8874}"
EndProject
Project("{2150E333-8FDC-42A3-9474-1A3956D46DE8}") = "Logic", "Logic", "{F7DC7EEA-8100-435C-B7BE-DD5292BBAA2D}"
EndProject
Project("{2150E333-8FDC-42A3-9474-1A3956D46DE8}") = "UI", "UI", "{D8C0D402-3B32-49CE-A8D6-AB13B92C0D26}"
EndProject
Project("{2150E333-8FDC-42A3-9474-1A3956D46DE8}") = "Hardware", "Hardware", "{B7B84E22-AD71-479F-B0C1-B31C62701D76}"
EndProject
Project("{FAE04EC0-301F-11D3-BF4B-00C04F79EFBC}") = "ppedv.Personenverwaltung.Domain", "ppedv.Personenverwaltung.Domain\ppedv.Personenverwaltung.Domain.csproj", "{143FDE1F-2211-4500-A503-C42C9E01640C}"
EndProject
Global
	GlobalSection(SolutionConfigurationPlatforms) = preSolution
		Debug|Any CPU = Debug|Any CPU
		Release|Any CPU = Release|Any CPU
	EndGlobalSection
	GlobalSection(ProjectConfigurationPlatforms) = postSolution
		{143FDE1F-2211-4500-A503-C42C9E01640C}.Debug|Any CPU.ActiveCfg = Debug|Any CPU
		{143FDE1F-2211-4500-A503-C42C9E01640C}.Debug|Any CPU.Build.0 = Debug|Any CPU
		{143FDE1F-2211-4500-A503-C42C9E01640C}.Release|Any CPU.ActiveCfg = Release|Any CPU
		{143FDE1F-2211-4500-A503-C42C9E01640C}.Release|Any CPU.Build.0 = Release|Any CPU
	EndGlobalSection
	GlobalSection(SolutionProperties) = preSolution
		HideSolutionNode = FALSE
	EndGlobalSection
	GlobalSection(NestedProjects) = preSolution
		{B7B84E22-AD71-479F-B0C1-B31C62701D76} = {F7DC7EEA-8100-435C-B7BE-DD5292BBAA2D}
		{143FDE1F-2211-4500-A503-C42C9E01640C} = {E300CC36-56AA-432A-9020-32128C7EBF35}
	EndGlobalSection
	GlobalSection(ExtensibilityGlobals) = postSolution
		SolutionGuid = {D38891B6-B668-4207-94EB-8807BBFE24C5}
	EndGlobalSection
EndGlobal
